
Microsoft Visual Studio Solution File, Format Version 12.00
# Visual Studio 15
VisualStudioVersion = 15.0.28307.421
MinimumVisualStudioVersion = 10.0.40219.1
Project("{FAE04EC0-301F-11D3-BF4B-00C04F79EFBC}") = "UDP_Broadcast_v1", "UDP_Broadcast_v1.csproj", "{B89F5D8E-D103-4AC7-A0C0-9894119CFEA1}"
EndProject
Global
	GlobalSection(SolutionConfigurationPlatforms) = preSolution
		Debug|Any CPU = Debug|Any CPU
		Release|Any CPU = Release|Any CPU
	EndGlobalSection
	GlobalSection(ProjectConfigurationPlatforms) = postSolution
		{B89F5D8E-D103-4AC7-A0C0-9894119CFEA1}.Debug|Any CPU.ActiveCfg = Debug|Any CPU
		{B89F5D8E-D103-4AC7-A0C0-9894119CFEA1}.Debug|Any CPU.Build.0 = Debug|Any CPU
		{B89F5D8E-D103-4AC7-A0C0-9894119CFEA1}.Release|Any CPU.ActiveCfg = Release|Any CPU
		{B89F5D8E-D103-4AC7-A0C0-9894119CFEA1}.Release|Any CPU.Build.0 = Release|Any CPU
	EndGlobalSection
	GlobalSection(SolutionProperties) = preSolution
		HideSolutionNode = FALSE
	EndGlobalSection
	GlobalSection(ExtensibilityGlobals) = postSolution
		SolutionGuid = {9B887C0D-60A0-434C-B61B-3993E3A215C2}
	EndGlobalSection
EndGlobal
